// !$*UTF8*$!
{
	archiveVersion = 1;
	classes = {
	};
	objectVersion = 46;
	objects = {

/* Begin PBXBuildFile section */
		FD1109F91F9BA53600C9BBCF /* BSTilePlotter.swift in Sources */ = {isa = PBXBuildFile; fileRef = FD1109F81F9BA53600C9BBCF /* BSTilePlotter.swift */; };
		FD1BFD5B1F9592F200C1302E /* BSAttackPattern.swift in Sources */ = {isa = PBXBuildFile; fileRef = FD1BFD5A1F9592F200C1302E /* BSAttackPattern.swift */; };
		FD1BFD5D1F95992D00C1302E /* BSFireballSkill.swift in Sources */ = {isa = PBXBuildFile; fileRef = FD1BFD5C1F95992D00C1302E /* BSFireballSkill.swift */; };
		FD2B31FD1F65F82E00564150 /* LayerNode.swift in Sources */ = {isa = PBXBuildFile; fileRef = FD2B31FC1F65F82E00564150 /* LayerNode.swift */; };
		FD2B31FF1F65F86200564150 /* TileModels.swift in Sources */ = {isa = PBXBuildFile; fileRef = FD2B31FE1F65F86200564150 /* TileModels.swift */; };
		FD2B32021F676BB300564150 /* FloorLayerNode.swift in Sources */ = {isa = PBXBuildFile; fileRef = FD2B32011F676BB300564150 /* FloorLayerNode.swift */; };
		FD2B32041F6793C600564150 /* PathFinder.swift in Sources */ = {isa = PBXBuildFile; fileRef = FD2B32031F6793C600564150 /* PathFinder.swift */; };
		FD7887831F7C955A003E05CD /* BSActivatableSkill.swift in Sources */ = {isa = PBXBuildFile; fileRef = FD7887821F7C955A003E05CD /* BSActivatableSkill.swift */; };
		FD7887851F7DD736003E05CD /* UnitHUDComponent.swift in Sources */ = {isa = PBXBuildFile; fileRef = FD7887841F7DD736003E05CD /* UnitHUDComponent.swift */; };
		FD78878E1F808C9F003E05CD /* StatusBarComponent.swift in Sources */ = {isa = PBXBuildFile; fileRef = FD78878D1F808C9F003E05CD /* StatusBarComponent.swift */; };
		FD7887911F809F29003E05CD /* HealthPointStatusComponent.swift in Sources */ = {isa = PBXBuildFile; fileRef = FD7887901F809F28003E05CD /* HealthPointStatusComponent.swift */; };
		FD7887931F809FDB003E05CD /* StatusFractionLabelComponent.swift in Sources */ = {isa = PBXBuildFile; fileRef = FD7887921F809FDB003E05CD /* StatusFractionLabelComponent.swift */; };
		FD7887951F817C60003E05CD /* ActionHUDComponent.swift in Sources */ = {isa = PBXBuildFile; fileRef = FD7887941F817C60003E05CD /* ActionHUDComponent.swift */; };
		FD7A84B31F5CB12F0060823D /* AppDelegate.swift in Sources */ = {isa = PBXBuildFile; fileRef = FD7A84B21F5CB12F0060823D /* AppDelegate.swift */; };
		FD7A84B91F5CB12F0060823D /* GameScene.swift in Sources */ = {isa = PBXBuildFile; fileRef = FD7A84B81F5CB12F0060823D /* GameScene.swift */; };
		FD7A84BB1F5CB12F0060823D /* GameViewController.swift in Sources */ = {isa = PBXBuildFile; fileRef = FD7A84BA1F5CB12F0060823D /* GameViewController.swift */; };
		FD7A84BE1F5CB12F0060823D /* Main.storyboard in Resources */ = {isa = PBXBuildFile; fileRef = FD7A84BC1F5CB12F0060823D /* Main.storyboard */; };
		FD7A84C01F5CB12F0060823D /* Assets.xcassets in Resources */ = {isa = PBXBuildFile; fileRef = FD7A84BF1F5CB12F0060823D /* Assets.xcassets */; };
		FD7A84C31F5CB12F0060823D /* LaunchScreen.storyboard in Resources */ = {isa = PBXBuildFile; fileRef = FD7A84C11F5CB12F0060823D /* LaunchScreen.storyboard */; };
		FD7A84CB1F5CFAD60060823D /* GameUnit.swift in Sources */ = {isa = PBXBuildFile; fileRef = FD7A84CA1F5CFAD60060823D /* GameUnit.swift */; };
		FD7A84CD1F5CFB000060823D /* SpriteComponent.swift in Sources */ = {isa = PBXBuildFile; fileRef = FD7A84CC1F5CFB000060823D /* SpriteComponent.swift */; };
		FD7A84CF1F5CFB860060823D /* MoveComponent.swift in Sources */ = {isa = PBXBuildFile; fileRef = FD7A84CE1F5CFB860060823D /* MoveComponent.swift */; };
		FD7A84D21F641E180060823D /* GameBoard.swift in Sources */ = {isa = PBXBuildFile; fileRef = FD7A84D11F641E180060823D /* GameBoard.swift */; };
		FD7A84D41F64D9470060823D /* Level_0.json in Resources */ = {isa = PBXBuildFile; fileRef = FD7A84D31F64D9470060823D /* Level_0.json */; };
		FD7E94DF1F886D3B00F5B573 /* BSGameView.swift in Sources */ = {isa = PBXBuildFile; fileRef = FD7E94DE1F886D3B00F5B573 /* BSGameView.swift */; };
		FD7E98B81F76CC7B0012BF6C /* CollisionMap.swift in Sources */ = {isa = PBXBuildFile; fileRef = FD7E98B71F76CC7B0012BF6C /* CollisionMap.swift */; };
		FD856ACA1F92595D003B29E5 /* UnitLayerNode.swift in Sources */ = {isa = PBXBuildFile; fileRef = FD856AC91F92595D003B29E5 /* UnitLayerNode.swift */; };
		FD92084E1F9EC81D001FD8AB /* SpriteSheet.swift in Sources */ = {isa = PBXBuildFile; fileRef = FD92084D1F9EC81D001FD8AB /* SpriteSheet.swift */; };
		FD9208501F9EE707001FD8AB /* BSBattleTeam.swift in Sources */ = {isa = PBXBuildFile; fileRef = FD92084F1F9EE707001FD8AB /* BSBattleTeam.swift */; };
		FD9208521F9EE8EA001FD8AB /* BSBattleUnit.swift in Sources */ = {isa = PBXBuildFile; fileRef = FD9208511F9EE8EA001FD8AB /* BSBattleUnit.swift */; };
		FDA7E8D21F95B1F80044D716 /* ConfirmationHUDComponent.swift in Sources */ = {isa = PBXBuildFile; fileRef = FDA7E8D11F95B1F80044D716 /* ConfirmationHUDComponent.swift */; };
		FDADC0F31F6A25F300C21A1B /* SupportMethods.swift in Sources */ = {isa = PBXBuildFile; fileRef = FDADC0F21F6A25F300C21A1B /* SupportMethods.swift */; };
		FDADC0F51F6B765800C21A1B /* UnitActionMenu.swift in Sources */ = {isa = PBXBuildFile; fileRef = FDADC0F41F6B765800C21A1B /* UnitActionMenu.swift */; };
		FDC130E11FA170BB0096C306 /* BSSpriteLoader.swift in Sources */ = {isa = PBXBuildFile; fileRef = FDC130E01FA170BB0096C306 /* BSSpriteLoader.swift */; };
		FDC6740A1F6EB17E007A26A5 /* SKButtonNode.swift in Sources */ = {isa = PBXBuildFile; fileRef = FDC674091F6EB17E007A26A5 /* SKButtonNode.swift */; };
		FDC6740C1F6EB347007A26A5 /* GlobalProperties.swift in Sources */ = {isa = PBXBuildFile; fileRef = FDC6740B1F6EB347007A26A5 /* GlobalProperties.swift */; };
		FDC80AA81F8C5C480005C355 /* BSGameInputHandler.swift in Sources */ = {isa = PBXBuildFile; fileRef = FDC80AA71F8C5C480005C355 /* BSGameInputHandler.swift */; };
		FDC80AAA1F8C658A0005C355 /* BSGameSceneManager.swift in Sources */ = {isa = PBXBuildFile; fileRef = FDC80AA91F8C658A0005C355 /* BSGameSceneManager.swift */; };
		FDC937B21F85C3E600F62A3B /* TileCoord.swift in Sources */ = {isa = PBXBuildFile; fileRef = FDC937B11F85C3E600F62A3B /* TileCoord.swift */; };
		FDC937B41F871AAD00F62A3B /* HighlightLayerNode.swift in Sources */ = {isa = PBXBuildFile; fileRef = FDC937B31F871AAD00F62A3B /* HighlightLayerNode.swift */; };
		FDCB365B1F98476F00F6744D /* BSGameHUD.swift in Sources */ = {isa = PBXBuildFile; fileRef = FDCB365A1F98476F00F6744D /* BSGameHUD.swift */; };
		FDD4CADA1F78A701003E1C6B /* GameCamera.swift in Sources */ = {isa = PBXBuildFile; fileRef = FDD4CAD91F78A701003E1C6B /* GameCamera.swift */; };
/* End PBXBuildFile section */

/* Begin PBXFileReference section */
		FD1109F81F9BA53600C9BBCF /* BSTilePlotter.swift */ = {isa = PBXFileReference; lastKnownFileType = sourcecode.swift; path = BSTilePlotter.swift; sourceTree = "<group>"; };
		FD1BFD5A1F9592F200C1302E /* BSAttackPattern.swift */ = {isa = PBXFileReference; lastKnownFileType = sourcecode.swift; path = BSAttackPattern.swift; sourceTree = "<group>"; };
		FD1BFD5C1F95992D00C1302E /* BSFireballSkill.swift */ = {isa = PBXFileReference; lastKnownFileType = sourcecode.swift; path = BSFireballSkill.swift; sourceTree = "<group>"; };
		FD2B31FC1F65F82E00564150 /* LayerNode.swift */ = {isa = PBXFileReference; fileEncoding = 4; lastKnownFileType = sourcecode.swift; path = LayerNode.swift; sourceTree = "<group>"; };
		FD2B31FE1F65F86200564150 /* TileModels.swift */ = {isa = PBXFileReference; fileEncoding = 4; lastKnownFileType = sourcecode.swift; path = TileModels.swift; sourceTree = "<group>"; };
		FD2B32011F676BB300564150 /* FloorLayerNode.swift */ = {isa = PBXFileReference; fileEncoding = 4; lastKnownFileType = sourcecode.swift; path = FloorLayerNode.swift; sourceTree = "<group>"; };
		FD2B32031F6793C600564150 /* PathFinder.swift */ = {isa = PBXFileReference; fileEncoding = 4; lastKnownFileType = sourcecode.swift; path = PathFinder.swift; sourceTree = "<group>"; };
		FD7887821F7C955A003E05CD /* BSActivatableSkill.swift */ = {isa = PBXFileReference; lastKnownFileType = sourcecode.swift; path = BSActivatableSkill.swift; sourceTree = "<group>"; };
		FD7887841F7DD736003E05CD /* UnitHUDComponent.swift */ = {isa = PBXFileReference; lastKnownFileType = sourcecode.swift; path = UnitHUDComponent.swift; sourceTree = "<group>"; };
		FD78878D1F808C9F003E05CD /* StatusBarComponent.swift */ = {isa = PBXFileReference; lastKnownFileType = sourcecode.swift; path = StatusBarComponent.swift; sourceTree = "<group>"; };
		FD7887901F809F28003E05CD /* HealthPointStatusComponent.swift */ = {isa = PBXFileReference; lastKnownFileType = sourcecode.swift; path = HealthPointStatusComponent.swift; sourceTree = "<group>"; };
		FD7887921F809FDB003E05CD /* StatusFractionLabelComponent.swift */ = {isa = PBXFileReference; lastKnownFileType = sourcecode.swift; path = StatusFractionLabelComponent.swift; sourceTree = "<group>"; };
		FD7887941F817C60003E05CD /* ActionHUDComponent.swift */ = {isa = PBXFileReference; lastKnownFileType = sourcecode.swift; path = ActionHUDComponent.swift; sourceTree = "<group>"; };
		FD7A84AF1F5CB12F0060823D /* Slycerean.app */ = {isa = PBXFileReference; explicitFileType = wrapper.application; includeInIndex = 0; path = Slycerean.app; sourceTree = BUILT_PRODUCTS_DIR; };
		FD7A84B21F5CB12F0060823D /* AppDelegate.swift */ = {isa = PBXFileReference; lastKnownFileType = sourcecode.swift; path = AppDelegate.swift; sourceTree = "<group>"; };
		FD7A84B81F5CB12F0060823D /* GameScene.swift */ = {isa = PBXFileReference; lastKnownFileType = sourcecode.swift; path = GameScene.swift; sourceTree = "<group>"; };
		FD7A84BA1F5CB12F0060823D /* GameViewController.swift */ = {isa = PBXFileReference; lastKnownFileType = sourcecode.swift; path = GameViewController.swift; sourceTree = "<group>"; };
		FD7A84BD1F5CB12F0060823D /* Base */ = {isa = PBXFileReference; lastKnownFileType = file.storyboard; name = Base; path = Base.lproj/Main.storyboard; sourceTree = "<group>"; };
		FD7A84BF1F5CB12F0060823D /* Assets.xcassets */ = {isa = PBXFileReference; lastKnownFileType = folder.assetcatalog; path = Assets.xcassets; sourceTree = "<group>"; };
		FD7A84C21F5CB12F0060823D /* Base */ = {isa = PBXFileReference; lastKnownFileType = file.storyboard; name = Base; path = Base.lproj/LaunchScreen.storyboard; sourceTree = "<group>"; };
		FD7A84C41F5CB12F0060823D /* Info.plist */ = {isa = PBXFileReference; lastKnownFileType = text.plist.xml; path = Info.plist; sourceTree = "<group>"; };
		FD7A84CA1F5CFAD60060823D /* GameUnit.swift */ = {isa = PBXFileReference; fileEncoding = 4; lastKnownFileType = sourcecode.swift; path = GameUnit.swift; sourceTree = "<group>"; };
		FD7A84CC1F5CFB000060823D /* SpriteComponent.swift */ = {isa = PBXFileReference; fileEncoding = 4; lastKnownFileType = sourcecode.swift; path = SpriteComponent.swift; sourceTree = "<group>"; };
		FD7A84CE1F5CFB860060823D /* MoveComponent.swift */ = {isa = PBXFileReference; fileEncoding = 4; lastKnownFileType = sourcecode.swift; path = MoveComponent.swift; sourceTree = "<group>"; };
		FD7A84D11F641E180060823D /* GameBoard.swift */ = {isa = PBXFileReference; fileEncoding = 4; lastKnownFileType = sourcecode.swift; path = GameBoard.swift; sourceTree = "<group>"; };
		FD7A84D31F64D9470060823D /* Level_0.json */ = {isa = PBXFileReference; fileEncoding = 4; lastKnownFileType = text.json; path = Level_0.json; sourceTree = "<group>"; };
		FD7E94DE1F886D3B00F5B573 /* BSGameView.swift */ = {isa = PBXFileReference; lastKnownFileType = sourcecode.swift; path = BSGameView.swift; sourceTree = "<group>"; };
		FD7E98B71F76CC7B0012BF6C /* CollisionMap.swift */ = {isa = PBXFileReference; lastKnownFileType = sourcecode.swift; path = CollisionMap.swift; sourceTree = "<group>"; };
		FD856AC91F92595D003B29E5 /* UnitLayerNode.swift */ = {isa = PBXFileReference; lastKnownFileType = sourcecode.swift; path = UnitLayerNode.swift; sourceTree = "<group>"; };
		FD92084D1F9EC81D001FD8AB /* SpriteSheet.swift */ = {isa = PBXFileReference; lastKnownFileType = sourcecode.swift; path = SpriteSheet.swift; sourceTree = "<group>"; };
		FD92084F1F9EE707001FD8AB /* BSBattleTeam.swift */ = {isa = PBXFileReference; fileEncoding = 4; lastKnownFileType = sourcecode.swift; path = BSBattleTeam.swift; sourceTree = "<group>"; };
		FD9208511F9EE8EA001FD8AB /* BSBattleUnit.swift */ = {isa = PBXFileReference; fileEncoding = 4; lastKnownFileType = sourcecode.swift; path = BSBattleUnit.swift; sourceTree = "<group>"; };
		FDA7E8D11F95B1F80044D716 /* ConfirmationHUDComponent.swift */ = {isa = PBXFileReference; lastKnownFileType = sourcecode.swift; path = ConfirmationHUDComponent.swift; sourceTree = "<group>"; };
		FDADC0F21F6A25F300C21A1B /* SupportMethods.swift */ = {isa = PBXFileReference; fileEncoding = 4; lastKnownFileType = sourcecode.swift; path = SupportMethods.swift; sourceTree = "<group>"; };
		FDADC0F41F6B765800C21A1B /* UnitActionMenu.swift */ = {isa = PBXFileReference; fileEncoding = 4; lastKnownFileType = sourcecode.swift; path = UnitActionMenu.swift; sourceTree = "<group>"; };
		FDC130E01FA170BB0096C306 /* BSSpriteLoader.swift */ = {isa = PBXFileReference; lastKnownFileType = sourcecode.swift; path = BSSpriteLoader.swift; sourceTree = "<group>"; };
		FDC674091F6EB17E007A26A5 /* SKButtonNode.swift */ = {isa = PBXFileReference; fileEncoding = 4; lastKnownFileType = sourcecode.swift; path = SKButtonNode.swift; sourceTree = "<group>"; };
		FDC6740B1F6EB347007A26A5 /* GlobalProperties.swift */ = {isa = PBXFileReference; fileEncoding = 4; lastKnownFileType = sourcecode.swift; path = GlobalProperties.swift; sourceTree = "<group>"; };
		FDC80AA71F8C5C480005C355 /* BSGameInputHandler.swift */ = {isa = PBXFileReference; lastKnownFileType = sourcecode.swift; path = BSGameInputHandler.swift; sourceTree = "<group>"; };
		FDC80AA91F8C658A0005C355 /* BSGameSceneManager.swift */ = {isa = PBXFileReference; lastKnownFileType = sourcecode.swift; path = BSGameSceneManager.swift; sourceTree = "<group>"; };
		FDC937B11F85C3E600F62A3B /* TileCoord.swift */ = {isa = PBXFileReference; lastKnownFileType = sourcecode.swift; path = TileCoord.swift; sourceTree = "<group>"; };
		FDC937B31F871AAD00F62A3B /* HighlightLayerNode.swift */ = {isa = PBXFileReference; lastKnownFileType = sourcecode.swift; path = HighlightLayerNode.swift; sourceTree = "<group>"; };
		FDCB365A1F98476F00F6744D /* BSGameHUD.swift */ = {isa = PBXFileReference; lastKnownFileType = sourcecode.swift; path = BSGameHUD.swift; sourceTree = "<group>"; };
		FDD4CAD91F78A701003E1C6B /* GameCamera.swift */ = {isa = PBXFileReference; lastKnownFileType = sourcecode.swift; path = GameCamera.swift; sourceTree = "<group>"; };
/* End PBXFileReference section */

/* Begin PBXFrameworksBuildPhase section */
		FD7A84AC1F5CB12F0060823D /* Frameworks */ = {
			isa = PBXFrameworksBuildPhase;
			buildActionMask = 2147483647;
			files = (
			);
			runOnlyForDeploymentPostprocessing = 0;
		};
/* End PBXFrameworksBuildPhase section */

/* Begin PBXGroup section */
		FD1BFD591F95911B00C1302E /* BSUnitSkills */ = {
			isa = PBXGroup;
			children = (
				FD1BFD5A1F9592F200C1302E /* BSAttackPattern.swift */,
				FD7887821F7C955A003E05CD /* BSActivatableSkill.swift */,
				FD1BFD5C1F95992D00C1302E /* BSFireballSkill.swift */,
			);
			path = BSUnitSkills;
			sourceTree = "<group>";
		};
		FD2B32001F65FB4D00564150 /* TileMap */ = {
			isa = PBXGroup;
			children = (
				FD7A84D11F641E180060823D /* GameBoard.swift */,
				FD1109F81F9BA53600C9BBCF /* BSTilePlotter.swift */,
				FDC937B11F85C3E600F62A3B /* TileCoord.swift */,
				FD2B31FE1F65F86200564150 /* TileModels.swift */,
				FD7E98B71F76CC7B0012BF6C /* CollisionMap.swift */,
				FD7E98B61F760EF50012BF6C /* LayerNodes */,
				FD7A84D31F64D9470060823D /* Level_0.json */,
			);
			name = TileMap;
			sourceTree = "<group>";
		};
		FD78878F1F808CA6003E05CD /* HUDComponents */ = {
			isa = PBXGroup;
			children = (
				FDCB365A1F98476F00F6744D /* BSGameHUD.swift */,
				FDA7E8CF1F95B1A00044D716 /* ConfirmationHUD */,
				FDA7E8D01F95B1CE0044D716 /* UnitHUD */,
				FD7887971F817CA6003E05CD /* ActionHUD */,
			);
			name = HUDComponents;
			sourceTree = "<group>";
		};
		FD7887971F817CA6003E05CD /* ActionHUD */ = {
			isa = PBXGroup;
			children = (
				FD7887941F817C60003E05CD /* ActionHUDComponent.swift */,
			);
			name = ActionHUD;
			sourceTree = "<group>";
		};
		FD7A84A61F5CB12F0060823D = {
			isa = PBXGroup;
			children = (
				FD7A84B11F5CB12F0060823D /* Slycerean */,
				FD7A84B01F5CB12F0060823D /* Products */,
			);
			sourceTree = "<group>";
		};
		FD7A84B01F5CB12F0060823D /* Products */ = {
			isa = PBXGroup;
			children = (
				FD7A84AF1F5CB12F0060823D /* Slycerean.app */,
			);
			name = Products;
			sourceTree = "<group>";
		};
		FD7A84B11F5CB12F0060823D /* Slycerean */ = {
			isa = PBXGroup;
			children = (
				FD78878F1F808CA6003E05CD /* HUDComponents */,
				FD2B32001F65FB4D00564150 /* TileMap */,
				FD7A84D01F5CFC580060823D /* Entity */,
				FD7A84B21F5CB12F0060823D /* AppDelegate.swift */,
				FD7A84B81F5CB12F0060823D /* GameScene.swift */,
				FD92084F1F9EE707001FD8AB /* BSBattleTeam.swift */,
				FD7A84BA1F5CB12F0060823D /* GameViewController.swift */,
				FDD4CAD91F78A701003E1C6B /* GameCamera.swift */,
				FD1BFD591F95911B00C1302E /* BSUnitSkills */,
				FD7E94DE1F886D3B00F5B573 /* BSGameView.swift */,
				FDC80AA91F8C658A0005C355 /* BSGameSceneManager.swift */,
				FDC80AA71F8C5C480005C355 /* BSGameInputHandler.swift */,
				FDADC0F21F6A25F300C21A1B /* SupportMethods.swift */,
				FDC6740B1F6EB347007A26A5 /* GlobalProperties.swift */,
				FDADC0F41F6B765800C21A1B /* UnitActionMenu.swift */,
				FDC674091F6EB17E007A26A5 /* SKButtonNode.swift */,
				FD7A84BC1F5CB12F0060823D /* Main.storyboard */,
				FD7A84BF1F5CB12F0060823D /* Assets.xcassets */,
				FD7A84C11F5CB12F0060823D /* LaunchScreen.storyboard */,
				FD7A84C41F5CB12F0060823D /* Info.plist */,
			);
			path = Slycerean;
			sourceTree = "<group>";
		};
		FD7A84D01F5CFC580060823D /* Entity */ = {
			isa = PBXGroup;
			children = (
				FD7A84CA1F5CFAD60060823D /* GameUnit.swift */,
				FD9208511F9EE8EA001FD8AB /* BSBattleUnit.swift */,
				FD7A84CC1F5CFB000060823D /* SpriteComponent.swift */,
				FD7A84CE1F5CFB860060823D /* MoveComponent.swift */,
				FD2B32031F6793C600564150 /* PathFinder.swift */,
				FD92084D1F9EC81D001FD8AB /* SpriteSheet.swift */,
				FDC130E01FA170BB0096C306 /* BSSpriteLoader.swift */,
			);
			name = Entity;
			sourceTree = "<group>";
		};
		FD7E98B61F760EF50012BF6C /* LayerNodes */ = {
			isa = PBXGroup;
			children = (
				FD2B32011F676BB300564150 /* FloorLayerNode.swift */,
				FDC937B31F871AAD00F62A3B /* HighlightLayerNode.swift */,
				FD856AC91F92595D003B29E5 /* UnitLayerNode.swift */,
				FD2B31FC1F65F82E00564150 /* LayerNode.swift */,
			);
			name = LayerNodes;
			sourceTree = "<group>";
		};
		FDA7E8CF1F95B1A00044D716 /* ConfirmationHUD */ = {
			isa = PBXGroup;
			children = (
				FDA7E8D11F95B1F80044D716 /* ConfirmationHUDComponent.swift */,
			);
			path = ConfirmationHUD;
			sourceTree = "<group>";
		};
		FDA7E8D01F95B1CE0044D716 /* UnitHUD */ = {
			isa = PBXGroup;
			children = (
				FD7887841F7DD736003E05CD /* UnitHUDComponent.swift */,
				FD7887901F809F28003E05CD /* HealthPointStatusComponent.swift */,
				FD78878D1F808C9F003E05CD /* StatusBarComponent.swift */,
				FD7887921F809FDB003E05CD /* StatusFractionLabelComponent.swift */,
			);
			path = UnitHUD;
			sourceTree = "<group>";
		};
/* End PBXGroup section */

/* Begin PBXNativeTarget section */
		FD7A84AE1F5CB12F0060823D /* Slycerean */ = {
			isa = PBXNativeTarget;
			buildConfigurationList = FD7A84C71F5CB12F0060823D /* Build configuration list for PBXNativeTarget "Slycerean" */;
			buildPhases = (
				FD7A84AB1F5CB12F0060823D /* Sources */,
				FD7A84AC1F5CB12F0060823D /* Frameworks */,
				FD7A84AD1F5CB12F0060823D /* Resources */,
			);
			buildRules = (
			);
			dependencies = (
			);
			name = Slycerean;
			productName = Slycerean;
			productReference = FD7A84AF1F5CB12F0060823D /* Slycerean.app */;
			productType = "com.apple.product-type.application";
		};
/* End PBXNativeTarget section */

/* Begin PBXProject section */
		FD7A84A71F5CB12F0060823D /* Project object */ = {
			isa = PBXProject;
			attributes = {
				LastSwiftUpdateCheck = 0830;
				LastUpgradeCheck = 0900;
				ORGANIZATIONNAME = "Benjamin Su";
				TargetAttributes = {
					FD7A84AE1F5CB12F0060823D = {
						CreatedOnToolsVersion = 8.3.3;
						DevelopmentTeam = Y7JKK8T2ED;
						LastSwiftMigration = 0900;
						ProvisioningStyle = Automatic;
					};
				};
			};
			buildConfigurationList = FD7A84AA1F5CB12F0060823D /* Build configuration list for PBXProject "Slycerean" */;
			compatibilityVersion = "Xcode 3.2";
			developmentRegion = English;
			hasScannedForEncodings = 0;
			knownRegions = (
				en,
				Base,
			);
			mainGroup = FD7A84A61F5CB12F0060823D;
			productRefGroup = FD7A84B01F5CB12F0060823D /* Products */;
			projectDirPath = "";
			projectRoot = "";
			targets = (
				FD7A84AE1F5CB12F0060823D /* Slycerean */,
			);
		};
/* End PBXProject section */

/* Begin PBXResourcesBuildPhase section */
		FD7A84AD1F5CB12F0060823D /* Resources */ = {
			isa = PBXResourcesBuildPhase;
			buildActionMask = 2147483647;
			files = (
				FD7A84BE1F5CB12F0060823D /* Main.storyboard in Resources */,
				FD7A84D41F64D9470060823D /* Level_0.json in Resources */,
				FD7A84C01F5CB12F0060823D /* Assets.xcassets in Resources */,
				FD7A84C31F5CB12F0060823D /* LaunchScreen.storyboard in Resources */,
			);
			runOnlyForDeploymentPostprocessing = 0;
		};
/* End PBXResourcesBuildPhase section */

/* Begin PBXSourcesBuildPhase section */
		FD7A84AB1F5CB12F0060823D /* Sources */ = {
			isa = PBXSourcesBuildPhase;
			buildActionMask = 2147483647;
			files = (
				FD7A84CB1F5CFAD60060823D /* GameUnit.swift in Sources */,
				FD7A84CD1F5CFB000060823D /* SpriteComponent.swift in Sources */,
				FD9208521F9EE8EA001FD8AB /* BSBattleUnit.swift in Sources */,
				FD7A84D21F641E180060823D /* GameBoard.swift in Sources */,
				FD7A84CF1F5CFB860060823D /* MoveComponent.swift in Sources */,
				FD1BFD5D1F95992D00C1302E /* BSFireballSkill.swift in Sources */,
				FDC937B41F871AAD00F62A3B /* HighlightLayerNode.swift in Sources */,
				FD7A84B91F5CB12F0060823D /* GameScene.swift in Sources */,
				FD2B32021F676BB300564150 /* FloorLayerNode.swift in Sources */,
				FD7887851F7DD736003E05CD /* UnitHUDComponent.swift in Sources */,
				FD7A84BB1F5CB12F0060823D /* GameViewController.swift in Sources */,
				FDD4CADA1F78A701003E1C6B /* GameCamera.swift in Sources */,
				FD78878E1F808C9F003E05CD /* StatusBarComponent.swift in Sources */,
				FD1BFD5B1F9592F200C1302E /* BSAttackPattern.swift in Sources */,
				FDC80AA81F8C5C480005C355 /* BSGameInputHandler.swift in Sources */,
				FDADC0F31F6A25F300C21A1B /* SupportMethods.swift in Sources */,
				FD2B32041F6793C600564150 /* PathFinder.swift in Sources */,
				FD7887911F809F29003E05CD /* HealthPointStatusComponent.swift in Sources */,
				FDCB365B1F98476F00F6744D /* BSGameHUD.swift in Sources */,
				FDADC0F51F6B765800C21A1B /* UnitActionMenu.swift in Sources */,
				FDC130E11FA170BB0096C306 /* BSSpriteLoader.swift in Sources */,
				FD7887951F817C60003E05CD /* ActionHUDComponent.swift in Sources */,
				FD7887831F7C955A003E05CD /* BSActivatableSkill.swift in Sources */,
				FD9208501F9EE707001FD8AB /* BSBattleTeam.swift in Sources */,
				FD2B31FF1F65F86200564150 /* TileModels.swift in Sources */,
				FD7A84B31F5CB12F0060823D /* AppDelegate.swift in Sources */,
				FDA7E8D21F95B1F80044D716 /* ConfirmationHUDComponent.swift in Sources */,
				FD2B31FD1F65F82E00564150 /* LayerNode.swift in Sources */,
				FD7887931F809FDB003E05CD /* StatusFractionLabelComponent.swift in Sources */,
				FD7E98B81F76CC7B0012BF6C /* CollisionMap.swift in Sources */,
				FD856ACA1F92595D003B29E5 /* UnitLayerNode.swift in Sources */,
				FDC80AAA1F8C658A0005C355 /* BSGameSceneManager.swift in Sources */,
				FDC6740A1F6EB17E007A26A5 /* SKButtonNode.swift in Sources */,
				FD92084E1F9EC81D001FD8AB /* SpriteSheet.swift in Sources */,
				FDC6740C1F6EB347007A26A5 /* GlobalProperties.swift in Sources */,
				FD7E94DF1F886D3B00F5B573 /* BSGameView.swift in Sources */,
				FDC937B21F85C3E600F62A3B /* TileCoord.swift in Sources */,
				FD1109F91F9BA53600C9BBCF /* BSTilePlotter.swift in Sources */,
			);
			runOnlyForDeploymentPostprocessing = 0;
		};
/* End PBXSourcesBuildPhase section */

/* Begin PBXVariantGroup section */
		FD7A84BC1F5CB12F0060823D /* Main.storyboard */ = {
			isa = PBXVariantGroup;
			children = (
				FD7A84BD1F5CB12F0060823D /* Base */,
			);
			name = Main.storyboard;
			sourceTree = "<group>";
		};
		FD7A84C11F5CB12F0060823D /* LaunchScreen.storyboard */ = {
			isa = PBXVariantGroup;
			children = (
				FD7A84C21F5CB12F0060823D /* Base */,
			);
			name = LaunchScreen.storyboard;
			sourceTree = "<group>";
		};
/* End PBXVariantGroup section */

/* Begin XCBuildConfiguration section */
		FD7A84C51F5CB12F0060823D /* Debug */ = {
			isa = XCBuildConfiguration;
			buildSettings = {
				ALWAYS_SEARCH_USER_PATHS = NO;
				CLANG_ANALYZER_NONNULL = YES;
				CLANG_ANALYZER_NUMBER_OBJECT_CONVERSION = YES_AGGRESSIVE;
				CLANG_CXX_LANGUAGE_STANDARD = "gnu++0x";
				CLANG_CXX_LIBRARY = "libc++";
				CLANG_ENABLE_MODULES = YES;
				CLANG_ENABLE_OBJC_ARC = YES;
				CLANG_WARN_BLOCK_CAPTURE_AUTORELEASING = YES;
				CLANG_WARN_BOOL_CONVERSION = YES;
				CLANG_WARN_COMMA = YES;
				CLANG_WARN_CONSTANT_CONVERSION = YES;
				CLANG_WARN_DIRECT_OBJC_ISA_USAGE = YES_ERROR;
				CLANG_WARN_DOCUMENTATION_COMMENTS = YES;
				CLANG_WARN_EMPTY_BODY = YES;
				CLANG_WARN_ENUM_CONVERSION = YES;
				CLANG_WARN_INFINITE_RECURSION = YES;
				CLANG_WARN_INT_CONVERSION = YES;
				CLANG_WARN_NON_LITERAL_NULL_CONVERSION = YES;
				CLANG_WARN_OBJC_LITERAL_CONVERSION = YES;
				CLANG_WARN_OBJC_ROOT_CLASS = YES_ERROR;
				CLANG_WARN_RANGE_LOOP_ANALYSIS = YES;
				CLANG_WARN_STRICT_PROTOTYPES = YES;
				CLANG_WARN_SUSPICIOUS_MOVE = YES;
				CLANG_WARN_UNREACHABLE_CODE = YES;
				CLANG_WARN__DUPLICATE_METHOD_MATCH = YES;
				"CODE_SIGN_IDENTITY[sdk=iphoneos*]" = "iPhone Developer";
				COPY_PHASE_STRIP = NO;
				DEBUG_INFORMATION_FORMAT = dwarf;
				ENABLE_STRICT_OBJC_MSGSEND = YES;
				ENABLE_TESTABILITY = YES;
				GCC_C_LANGUAGE_STANDARD = gnu99;
				GCC_DYNAMIC_NO_PIC = NO;
				GCC_NO_COMMON_BLOCKS = YES;
				GCC_OPTIMIZATION_LEVEL = 0;
				GCC_PREPROCESSOR_DEFINITIONS = (
					"DEBUG=1",
					"$(inherited)",
				);
				GCC_WARN_64_TO_32_BIT_CONVERSION = YES;
				GCC_WARN_ABOUT_RETURN_TYPE = YES_ERROR;
				GCC_WARN_UNDECLARED_SELECTOR = YES;
				GCC_WARN_UNINITIALIZED_AUTOS = YES_AGGRESSIVE;
				GCC_WARN_UNUSED_FUNCTION = YES;
				GCC_WARN_UNUSED_VARIABLE = YES;
				IPHONEOS_DEPLOYMENT_TARGET = 10.3;
				MTL_ENABLE_DEBUG_INFO = YES;
				ONLY_ACTIVE_ARCH = YES;
				SDKROOT = iphoneos;
				SWIFT_ACTIVE_COMPILATION_CONDITIONS = DEBUG;
				SWIFT_OPTIMIZATION_LEVEL = "-Onone";
			};
			name = Debug;
		};
		FD7A84C61F5CB12F0060823D /* Release */ = {
			isa = XCBuildConfiguration;
			buildSettings = {
				ALWAYS_SEARCH_USER_PATHS = NO;
				CLANG_ANALYZER_NONNULL = YES;
				CLANG_ANALYZER_NUMBER_OBJECT_CONVERSION = YES_AGGRESSIVE;
				CLANG_CXX_LANGUAGE_STANDARD = "gnu++0x";
				CLANG_CXX_LIBRARY = "libc++";
				CLANG_ENABLE_MODULES = YES;
				CLANG_ENABLE_OBJC_ARC = YES;
				CLANG_WARN_BLOCK_CAPTURE_AUTORELEASING = YES;
				CLANG_WARN_BOOL_CONVERSION = YES;
				CLANG_WARN_COMMA = YES;
				CLANG_WARN_CONSTANT_CONVERSION = YES;
				CLANG_WARN_DIRECT_OBJC_ISA_USAGE = YES_ERROR;
				CLANG_WARN_DOCUMENTATION_COMMENTS = YES;
				CLANG_WARN_EMPTY_BODY = YES;
				CLANG_WARN_ENUM_CONVERSION = YES;
				CLANG_WARN_INFINITE_RECURSION = YES;
				CLANG_WARN_INT_CONVERSION = YES;
				CLANG_WARN_NON_LITERAL_NULL_CONVERSION = YES;
				CLANG_WARN_OBJC_LITERAL_CONVERSION = YES;
				CLANG_WARN_OBJC_ROOT_CLASS = YES_ERROR;
				CLANG_WARN_RANGE_LOOP_ANALYSIS = YES;
				CLANG_WARN_STRICT_PROTOTYPES = YES;
				CLANG_WARN_SUSPICIOUS_MOVE = YES;
				CLANG_WARN_UNREACHABLE_CODE = YES;
				CLANG_WARN__DUPLICATE_METHOD_MATCH = YES;
				"CODE_SIGN_IDENTITY[sdk=iphoneos*]" = "iPhone Developer";
				COPY_PHASE_STRIP = NO;
				DEBUG_INFORMATION_FORMAT = "dwarf-with-dsym";
				ENABLE_NS_ASSERTIONS = NO;
				ENABLE_STRICT_OBJC_MSGSEND = YES;
				GCC_C_LANGUAGE_STANDARD = gnu99;
				GCC_NO_COMMON_BLOCKS = YES;
				GCC_WARN_64_TO_32_BIT_CONVERSION = YES;
				GCC_WARN_ABOUT_RETURN_TYPE = YES_ERROR;
				GCC_WARN_UNDECLARED_SELECTOR = YES;
				GCC_WARN_UNINITIALIZED_AUTOS = YES_AGGRESSIVE;
				GCC_WARN_UNUSED_FUNCTION = YES;
				GCC_WARN_UNUSED_VARIABLE = YES;
				IPHONEOS_DEPLOYMENT_TARGET = 10.3;
				MTL_ENABLE_DEBUG_INFO = NO;
				SDKROOT = iphoneos;
				SWIFT_OPTIMIZATION_LEVEL = "-Owholemodule";
				VALIDATE_PRODUCT = YES;
			};
			name = Release;
		};
		FD7A84C81F5CB12F0060823D /* Debug */ = {
			isa = XCBuildConfiguration;
			buildSettings = {
				ASSETCATALOG_COMPILER_APPICON_NAME = AppIcon;
				DEVELOPMENT_TEAM = Y7JKK8T2ED;
				INFOPLIST_FILE = Slycerean/Info.plist;
				IPHONEOS_DEPLOYMENT_TARGET = 10.3;
				LD_RUNPATH_SEARCH_PATHS = "$(inherited) @executable_path/Frameworks";
				PRODUCT_BUNDLE_IDENTIFIER = BS.Slycerean;
				PRODUCT_NAME = "$(TARGET_NAME)";
				SWIFT_SWIFT3_OBJC_INFERENCE = Default;
				SWIFT_VERSION = 4.0;
			};
			name = Debug;
		};
		FD7A84C91F5CB12F0060823D /* Release */ = {
			isa = XCBuildConfiguration;
			buildSettings = {
				ASSETCATALOG_COMPILER_APPICON_NAME = AppIcon;
				DEVELOPMENT_TEAM = Y7JKK8T2ED;
				INFOPLIST_FILE = Slycerean/Info.plist;
				IPHONEOS_DEPLOYMENT_TARGET = 10.3;
				LD_RUNPATH_SEARCH_PATHS = "$(inherited) @executable_path/Frameworks";
				PRODUCT_BUNDLE_IDENTIFIER = BS.Slycerean;
				PRODUCT_NAME = "$(TARGET_NAME)";
				SWIFT_SWIFT3_OBJC_INFERENCE = Default;
				SWIFT_VERSION = 4.0;
			};
			name = Release;
		};
/* End XCBuildConfiguration section */

/* Begin XCConfigurationList section */
		FD7A84AA1F5CB12F0060823D /* Build configuration list for PBXProject "Slycerean" */ = {
			isa = XCConfigurationList;
			buildConfigurations = (
				FD7A84C51F5CB12F0060823D /* Debug */,
				FD7A84C61F5CB12F0060823D /* Release */,
			);
			defaultConfigurationIsVisible = 0;
			defaultConfigurationName = Release;
		};
		FD7A84C71F5CB12F0060823D /* Build configuration list for PBXNativeTarget "Slycerean" */ = {
			isa = XCConfigurationList;
			buildConfigurations = (
				FD7A84C81F5CB12F0060823D /* Debug */,
				FD7A84C91F5CB12F0060823D /* Release */,
			);
			defaultConfigurationIsVisible = 0;
			defaultConfigurationName = Release;
		};
/* End XCConfigurationList section */
	};
	rootObject = FD7A84A71F5CB12F0060823D /* Project object */;
}
